NeoBundleLock neobundle.vim cf8107e036e8c2d513afc2e12333dfb09c1fcc2e
NeoBundleLock neomru.vim e72bef33c7f6af3d17c9968f9ac7bb2fda2a2bde
NeoBundleLock nerdtree af85499edace2acca27ce41790ac333f62b689bb
NeoBundleLock unite.vim 662f83d3789ecf320ddcb04f7023def3a8167802
NeoBundleLock vim-autoclose a9a3b7384657bc1f60a963fd6c08c63fc48d61c3
NeoBundleLock vim-indent-guides 4895e860258cd24c975255ef459af4b956107557
NeoBundleLock vimproc c286dcbdfca9e0ee1a4cb90f09c3f03638112f5a
